
Microsoft Visual Studio Solution File, Format Version 12.00
# Visual Studio Version 16
VisualStudioVersion = 16.0.31112.23
MinimumVisualStudioVersion = 10.0.40219.1
Project("{2150E333-8FDC-42A3-9474-1A3956D46DE8}") = "Shared", "Shared", "{CF36A5C9-8172-495E-B151-E96363FE069C}"
EndProject
Project("{2150E333-8FDC-42A3-9474-1A3956D46DE8}") = "DesktopDesigner", "DesktopDesigner", "{0E1CA19B-0C1C-4F91-A8AE-CCAAC3371546}"
EndProject
Project("{2150E333-8FDC-42A3-9474-1A3956D46DE8}") = "TeamServer", "TeamServer", "{E08D836A-6BC1-40F4-AA02-68900DEA6632}"
EndProject
Project("{9A19103F-16F7-4668-BE54-9A1E7A4F7556}") = "AppSolutions.TeamServer", "AppSolutions.TeamServer\AppSolutions.TeamServer.csproj", "{BEC8A112-57DC-4EC8-AE1A-8AA03B7CDDA7}"
EndProject
Project("{FAE04EC0-301F-11D3-BF4B-00C04F79EFBC}") = "AppSolutions.Platform.Models", "AppSolutions.Platform.Models\AppSolutions.Platform.Models.csproj", "{B417630D-9959-481D-AF6B-E6BD9113BF87}"
EndProject
Project("{FAE04EC0-301F-11D3-BF4B-00C04F79EFBC}") = "AppSolutions.Platform.Services", "AppSolutions.Platform.Services\AppSolutions.Platform.Services.csproj", "{1307DD18-55EC-4FB5-80F0-4A8DBD3E98CB}"
EndProject
Global
	GlobalSection(SolutionConfigurationPlatforms) = preSolution
		Debug|Any CPU = Debug|Any CPU
		Release|Any CPU = Release|Any CPU
	EndGlobalSection
	GlobalSection(ProjectConfigurationPlatforms) = postSolution
		{BEC8A112-57DC-4EC8-AE1A-8AA03B7CDDA7}.Debug|Any CPU.ActiveCfg = Debug|Any CPU
		{BEC8A112-57DC-4EC8-AE1A-8AA03B7CDDA7}.Debug|Any CPU.Build.0 = Debug|Any CPU
		{BEC8A112-57DC-4EC8-AE1A-8AA03B7CDDA7}.Release|Any CPU.ActiveCfg = Release|Any CPU
		{BEC8A112-57DC-4EC8-AE1A-8AA03B7CDDA7}.Release|Any CPU.Build.0 = Release|Any CPU
		{B417630D-9959-481D-AF6B-E6BD9113BF87}.Debug|Any CPU.ActiveCfg = Debug|Any CPU
		{B417630D-9959-481D-AF6B-E6BD9113BF87}.Debug|Any CPU.Build.0 = Debug|Any CPU
		{B417630D-9959-481D-AF6B-E6BD9113BF87}.Release|Any CPU.ActiveCfg = Release|Any CPU
		{B417630D-9959-481D-AF6B-E6BD9113BF87}.Release|Any CPU.Build.0 = Release|Any CPU
		{1307DD18-55EC-4FB5-80F0-4A8DBD3E98CB}.Debug|Any CPU.ActiveCfg = Debug|Any CPU
		{1307DD18-55EC-4FB5-80F0-4A8DBD3E98CB}.Debug|Any CPU.Build.0 = Debug|Any CPU
		{1307DD18-55EC-4FB5-80F0-4A8DBD3E98CB}.Release|Any CPU.ActiveCfg = Release|Any CPU
		{1307DD18-55EC-4FB5-80F0-4A8DBD3E98CB}.Release|Any CPU.Build.0 = Release|Any CPU
	EndGlobalSection
	GlobalSection(SolutionProperties) = preSolution
		HideSolutionNode = FALSE
	EndGlobalSection
	GlobalSection(NestedProjects) = preSolution
		{BEC8A112-57DC-4EC8-AE1A-8AA03B7CDDA7} = {E08D836A-6BC1-40F4-AA02-68900DEA6632}
		{B417630D-9959-481D-AF6B-E6BD9113BF87} = {CF36A5C9-8172-495E-B151-E96363FE069C}
		{1307DD18-55EC-4FB5-80F0-4A8DBD3E98CB} = {CF36A5C9-8172-495E-B151-E96363FE069C}
	EndGlobalSection
	GlobalSection(ExtensibilityGlobals) = postSolution
		SolutionGuid = {28D91D54-5E84-404E-B900-50B91C51D92B}
	EndGlobalSection
EndGlobal
